
Microsoft Visual Studio Solution File, Format Version 12.00
# Visual Studio Version 17
VisualStudioVersion = 17.0.31903.59
MinimumVisualStudioVersion = 10.0.40219.1
Project("{9A19103F-16F7-4668-BE54-9A1E7A4F7556}") = "BiddingService", "BiddingService\BiddingService.csproj", "{ECC0A567-CC1C-4D29-9499-2FC3862D87A0}"
EndProject
Project("{9A19103F-16F7-4668-BE54-9A1E7A4F7556}") = "BiddingServiceTests", "BiddingServiceTests\BiddingServiceTests.csproj", "{91316FD0-2A90-4B38-A2E7-4583CC62AA56}"
EndProject
Project("{9A19103F-16F7-4668-BE54-9A1E7A4F7556}") = "BiddingServiceOLD", "BiddingServiceOLD\BiddingServiceOLD.csproj", "{8DC8BCA2-FFCE-4D02-A09C-643CECA5A36C}"
EndProject
Global
	GlobalSection(SolutionConfigurationPlatforms) = preSolution
		Debug|Any CPU = Debug|Any CPU
		Release|Any CPU = Release|Any CPU
	EndGlobalSection
	GlobalSection(ProjectConfigurationPlatforms) = postSolution
		{ECC0A567-CC1C-4D29-9499-2FC3862D87A0}.Debug|Any CPU.ActiveCfg = Debug|Any CPU
		{ECC0A567-CC1C-4D29-9499-2FC3862D87A0}.Debug|Any CPU.Build.0 = Debug|Any CPU
		{ECC0A567-CC1C-4D29-9499-2FC3862D87A0}.Release|Any CPU.ActiveCfg = Release|Any CPU
		{ECC0A567-CC1C-4D29-9499-2FC3862D87A0}.Release|Any CPU.Build.0 = Release|Any CPU
		{91316FD0-2A90-4B38-A2E7-4583CC62AA56}.Debug|Any CPU.ActiveCfg = Debug|Any CPU
		{91316FD0-2A90-4B38-A2E7-4583CC62AA56}.Debug|Any CPU.Build.0 = Debug|Any CPU
		{91316FD0-2A90-4B38-A2E7-4583CC62AA56}.Release|Any CPU.ActiveCfg = Release|Any CPU
		{91316FD0-2A90-4B38-A2E7-4583CC62AA56}.Release|Any CPU.Build.0 = Release|Any CPU
		{8DC8BCA2-FFCE-4D02-A09C-643CECA5A36C}.Debug|Any CPU.ActiveCfg = Debug|Any CPU
		{8DC8BCA2-FFCE-4D02-A09C-643CECA5A36C}.Debug|Any CPU.Build.0 = Debug|Any CPU
		{8DC8BCA2-FFCE-4D02-A09C-643CECA5A36C}.Release|Any CPU.ActiveCfg = Release|Any CPU
		{8DC8BCA2-FFCE-4D02-A09C-643CECA5A36C}.Release|Any CPU.Build.0 = Release|Any CPU
	EndGlobalSection
	GlobalSection(SolutionProperties) = preSolution
		HideSolutionNode = FALSE
	EndGlobalSection
EndGlobal
